{
  "requires": true,
  "lockfileVersion": 1,
  "dependencies": {
    "@types/bluebird": {
      "version": "3.5.5",
      "resolved": "https://registry.npmjs.org/@types/bluebird/-/bluebird-3.5.5.tgz",
      "integrity": "sha512-aBVzCAzfyApU0gg36QgCpJixGtYwuQ4djrn11J+DTB5vE4OmBPuZiulgTCA9ByULgVAyNV2CTpjjvZmxzukSLw==",
      "dev": true
    },
    "@types/bluebird-global": {
      "version": "3.5.5",
      "resolved": "https://registry.npmjs.org/@types/bluebird-global/-/bluebird-global-3.5.5.tgz",
      "integrity": "sha512-GkNTYT6dagBdgo1/SxY0b8afQb6NmPuh4tyyctSB8JCXQIswrOXJsnKvbavJIQ+sYCYI4WvcmMoM3GZnr0QArw==",
      "dev": true,
      "requires": {
        "@types/bluebird": "3.5.5"
      }
    },
    "bluebird": {
      "version": "3.5.1",
      "resolved": "https://registry.npmjs.org/bluebird/-/bluebird-3.5.1.tgz",
      "integrity": "sha512-MKiLiV+I1AA596t9w1sQJ8jkiSr5+ZKi0WKrYGUn6d1Fx+Ij4tIj+m2WMQSGczs5jZVxV339chE8iwk6F64wjA=="
    }
  }
}
