
Microsoft Visual Studio Solution File, Format Version 12.00
Project("{FAE04EC0-301F-11D3-BF4B-00C04F79EFBC}") = "WebPackTest", "WebPackTest\WebPackTest.csproj", "{435DA8E1-696A-4E57-BFD3-C809C3B7D12B}"
EndProject
Project("{2150E333-8FDC-42A3-9474-1A3956D46DE8}") = "SolutionFolder", "SolutionFolder", "{49E057D4-A424-4831-98E3-43925861076B}"
ProjectSection(SolutionItems) = preProject
	.gitignore = .gitignore
EndProjectSection
EndProject
Global
	GlobalSection(SolutionConfigurationPlatforms) = preSolution
		Debug|Any CPU = Debug|Any CPU
		Release|Any CPU = Release|Any CPU
	EndGlobalSection
	GlobalSection(ProjectConfigurationPlatforms) = postSolution
		{435DA8E1-696A-4E57-BFD3-C809C3B7D12B}.Debug|Any CPU.ActiveCfg = Debug|Any CPU
		{435DA8E1-696A-4E57-BFD3-C809C3B7D12B}.Debug|Any CPU.Build.0 = Debug|Any CPU
		{435DA8E1-696A-4E57-BFD3-C809C3B7D12B}.Release|Any CPU.ActiveCfg = Release|Any CPU
		{435DA8E1-696A-4E57-BFD3-C809C3B7D12B}.Release|Any CPU.Build.0 = Release|Any CPU
	EndGlobalSection
EndGlobal
